
Microsoft Visual Studio Solution File, Format Version 12.00
# Visual Studio Version 17
VisualStudioVersion = 17.9.34723.18
MinimumVisualStudioVersion = 10.0.40219.1
Project("{FAE04EC0-301F-11D3-BF4B-00C04F79EFBC}") = "pryIrustaSantiago", "pryIrustaSantiago.csproj", "{A555837F-353B-439B-9435-5FE82D96C395}"
EndProject
Global
	GlobalSection(SolutionConfigurationPlatforms) = preSolution
		Debug|Any CPU = Debug|Any CPU
		Release|Any CPU = Release|Any CPU
	EndGlobalSection
	GlobalSection(ProjectConfigurationPlatforms) = postSolution
		{A555837F-353B-439B-9435-5FE82D96C395}.Debug|Any CPU.ActiveCfg = Debug|Any CPU
		{A555837F-353B-439B-9435-5FE82D96C395}.Debug|Any CPU.Build.0 = Debug|Any CPU
		{A555837F-353B-439B-9435-5FE82D96C395}.Release|Any CPU.ActiveCfg = Release|Any CPU
		{A555837F-353B-439B-9435-5FE82D96C395}.Release|Any CPU.Build.0 = Release|Any CPU
	EndGlobalSection
	GlobalSection(SolutionProperties) = preSolution
		HideSolutionNode = FALSE
	EndGlobalSection
	GlobalSection(ExtensibilityGlobals) = postSolution
		SolutionGuid = {113E8FEE-3E8D-4B85-8D01-7871B5211AB4}
	EndGlobalSection
EndGlobal
